# THIS IS AN AUTOGENERATED FILE. DO NOT EDIT THIS FILE DIRECTLY.
# yarn lockfile v1


babylon@^6.15.0:
  version "6.18.0"
  resolved "https://registry.yarnpkg.com/babylon/-/babylon-6.18.0.tgz#af2f3b88fa6f5c1e4c634d1a0f8eac4f55b395e3"
  integrity sha512-q/UEjfGJ2Cm3oKV71DJz9d25TPnq5rhBVL2Q4fA5wcC3jcrdn7+SssEybFIxwAvvP+YCsCYNKughoF33GxgycQ==

flow-bin@^0.94.0:
  version "0.94.0"
  resolved "https://registry.yarnpkg.com/flow-bin/-/flow-bin-0.94.0.tgz#b5d58fe7559705b73a18229f97edfc3ab6ffffcb"
  integrity sha512-DYF7r9CJ/AksfmmB4+q+TyLMoeQPRnqtF1Pk7KY3zgfkB/nVuA3nXyzqgsIPIvnMSiFEXQcFK4z+iPxSLckZhQ==

flow-node@^1.2.3:
  version "1.2.3"
  resolved "https://registry.yarnpkg.com/flow-node/-/flow-node-1.2.3.tgz#e623721df82b164117628466dcab9ff36c7039e7"
  integrity sha512-mSEyTWXZlIqAdDThSK1TKl4bojX4/0LQuQaZSQ3agI+7PxLjuK+6lkFDf6JBnAYEVbQdlpQTN6AvRlDBa7V9CQ==
  dependencies:
    babylon "^6.15.0"
    vlq "^0.2.1"

vlq@^0.2.1:
  version "0.2.3"
  resolved "https://registry.yarnpkg.com/vlq/-/vlq-0.2.3.tgz#8f3e4328cf63b1540c0d67e1b2778386f8975b26"
  integrity sha512-DRibZL6DsNhIgYQ+wNdWDL2SL3bKPlVrRiBqV5yuMm++op8W4kGFtaQfCs4KEJn0wBZcHVHJ3eoywX8983k1ow==
